# This file is generated by running "yarn install" inside your project.
# Manual changes might be lost - proceed with caution!

__metadata:
  version: 8
  cacheKey: 10c0

"@fastify/ajv-compiler@npm:^4.0.0":
  version: 4.0.2
  resolution: "@fastify/ajv-compiler@npm:4.0.2"
  dependencies:
    ajv: "npm:^8.12.0"
    ajv-formats: "npm:^3.0.1"
    fast-uri: "npm:^3.0.0"
  checksum: 10c0/ca048db219cc958fb1b962f5dfc141f29e067ecb28a8dbe782bbef80ae3c920021468009cad613f0ed68db410890bb09c773ba2f33cb13e055b48c9c338bd8fa
  languageName: node
  linkType: hard

"@fastify/autoload@npm:^6.0.0":
  version: 6.3.1
  resolution: "@fastify/autoload@npm:6.3.1"
  checksum: 10c0/7e45aafbdc8f884b260c8de4f3e19b024843c50908d1a6d0fd27fff2fd254651a4fa38867607e7f1cfaf3d68fcd86a5fe05a20765dae8c1c310600f3be668416
  languageName: node
  linkType: hard

"@fastify/deepmerge@npm:^2.0.0":
  version: 2.0.2
  resolution: "@fastify/deepmerge@npm:2.0.2"
  checksum: 10c0/dfb30896d374c25a3f5bc0550cb19d2014946392b2858fadd5feb1486eb3c37751db1db24dcbf801bb11465435939d0d75fb7ee65501287e77b4df7022b3509a
  languageName: node
  linkType: hard

"@fastify/error@npm:^4.0.0":
  version: 4.2.0
  resolution: "@fastify/error@npm:4.2.0"
  checksum: 10c0/8bdafe95b368a71dfc5644ef22e0a2412dfbb2f300cf4658fdbd9035c96d7c034c53fd7d38e1150437d9cf7a2d75e6bd05e458cf9ba5f2e47e527df8a5e0bd4e
  languageName: node
  linkType: hard

"@fastify/fast-json-stringify-compiler@npm:^5.0.0":
  version: 5.0.3
  resolution: "@fastify/fast-json-stringify-compiler@npm:5.0.3"
  dependencies:
    fast-json-stringify: "npm:^6.0.0"
  checksum: 10c0/1f0e33c973fc228de44d997a8a1a43e883a580a8c971773bb9cb2375b0114694f81b47c52ac7e788eb6372d1f3dfc10be3176bad354a80d502d8b26a93dbc6c9
  languageName: node
  linkType: hard

"@fastify/forwarded@npm:^3.0.0":
  version: 3.0.0
  resolution: "@fastify/forwarded@npm:3.0.0"
  checksum: 10c0/bd139ee46c193ed9e04af2539f31fcb9e542b91917820f6cf401d5715c4c8bcccaae4a148e0ca14eeddee077ad8a3ab73e6f0f1ad769aff861fcef5f0a28e0d2
  languageName: node
  linkType: hard

"@fastify/merge-json-schemas@npm:^0.2.0":
  version: 0.2.1
  resolution: "@fastify/merge-json-schemas@npm:0.2.1"
  dependencies:
    dequal: "npm:^2.0.3"
  checksum: 10c0/dfa884a8f62d53f71de273fdcd0e501b213367767a7d8c522ae87ba6fb571b3eea85175d6e019036d7c0c5419be60305abe54899b9459f76ed5333358699efcb
  languageName: node
  linkType: hard

"@fastify/proxy-addr@npm:^5.0.0":
  version: 5.0.0
  resolution: "@fastify/proxy-addr@npm:5.0.0"
  dependencies:
    "@fastify/forwarded": "npm:^3.0.0"
    ipaddr.js: "npm:^2.1.0"
  checksum: 10c0/5a7d667480c3699015aa9bc12a47b6044106f412725d91a1b90f4a7845390c710486f05d322a895c633fb32a5ba1a17e598cb72e727337862034034443d59bcd
  languageName: node
  linkType: hard

"@fastify/sensible@npm:^6.0.0":
  version: 6.0.3
  resolution: "@fastify/sensible@npm:6.0.3"
  dependencies:
    "@lukeed/ms": "npm:^2.0.2"
    dequal: "npm:^2.0.3"
    fastify-plugin: "npm:^5.0.0"
    forwarded: "npm:^0.2.0"
    http-errors: "npm:^2.0.0"
    type-is: "npm:^1.6.18"
    vary: "npm:^1.1.2"
  checksum: 10c0/b9cfb54b9690f9656c7815b6ab03ea2730a4fa7853cdfa0416212a760c8c58773e91004fe426c4cdc37cfa3803ad5b328619b6ded49738dca9b4bed56dffed3f
  languageName: node
  linkType: hard

"@lukeed/ms@npm:^2.0.2":
  version: 2.0.2
  resolution: "@lukeed/ms@npm:2.0.2"
  checksum: 10c0/843b922717313bcde4943f478145d8bc13115b9b91d83bbaed53739b5644122984412310aed574792f4e6b492f2cbda178175f601856d310f67e14834c3f17a0
  languageName: node
  linkType: hard

"@socket.io/component-emitter@npm:~3.1.0":
  version: 3.1.2
  resolution: "@socket.io/component-emitter@npm:3.1.2"
  checksum: 10c0/c4242bad66f67e6f7b712733d25b43cbb9e19a595c8701c3ad99cbeb5901555f78b095e24852f862fffb43e96f1d8552e62def885ca82ae1bb05da3668fd87d7
  languageName: node
  linkType: hard

"@supabase/auth-js@npm:2.71.1":
  version: 2.71.1
  resolution: "@supabase/auth-js@npm:2.71.1"
  dependencies:
    "@supabase/node-fetch": "npm:^2.6.14"
  checksum: 10c0/970966525119dea83067ff3b87a219e5b357ffad3c22e19b00ceb83fc30dd485815a7ceb78eeedf9436f8c1674b5a9ac96929f3a82a50091d3ad66d1bc3215d4
  languageName: node
  linkType: hard

"@supabase/functions-js@npm:2.4.5":
  version: 2.4.5
  resolution: "@supabase/functions-js@npm:2.4.5"
  dependencies:
    "@supabase/node-fetch": "npm:^2.6.14"
  checksum: 10c0/43d0a40e863e20cadae38de65930c203f50c625bad91736bf78c095e347131ea3328716a43dad58fb8d058c69b901b41fdc062e77221196d8dfc93ad772519b5
  languageName: node
  linkType: hard

"@supabase/node-fetch@npm:2.6.15, @supabase/node-fetch@npm:^2.6.13, @supabase/node-fetch@npm:^2.6.14":
  version: 2.6.15
  resolution: "@supabase/node-fetch@npm:2.6.15"
  dependencies:
    whatwg-url: "npm:^5.0.0"
  checksum: 10c0/98d25cab2eba53c93c59e730d52d50065b1a7fe216c65224471e83e2064ebd45ae51ad09cb39ec263c3cb59e3d41870fc2e789ea2e9587480d7ba212b85daf38
  languageName: node
  linkType: hard

"@supabase/postgrest-js@npm:1.19.4":
  version: 1.19.4
  resolution: "@supabase/postgrest-js@npm:1.19.4"
  dependencies:
    "@supabase/node-fetch": "npm:^2.6.14"
  checksum: 10c0/1d14adc841f720e0035045f8b06cf2cb9f3b0a83ac903e268d5afb80b64d240ae64cb24372e0e9c857420b07010bfdb9a806f024fe60ac13468fd791ada2eb7f
  languageName: node
  linkType: hard

"@supabase/realtime-js@npm:2.11.15":
  version: 2.11.15
  resolution: "@supabase/realtime-js@npm:2.11.15"
  dependencies:
    "@supabase/node-fetch": "npm:^2.6.13"
    "@types/phoenix": "npm:^1.6.6"
    "@types/ws": "npm:^8.18.1"
    isows: "npm:^1.0.7"
    ws: "npm:^8.18.2"
  checksum: 10c0/bcb623db5cda0ddd8a30231ced3cdb09398a55a210aedfdc2b351355f1db97a3309504f27966098d393e5c45b20e239630c38fec7df2c9636f7c0bf1e26b1dc5
  languageName: node
  linkType: hard

"@supabase/storage-js@npm:^2.10.4":
  version: 2.10.4
  resolution: "@supabase/storage-js@npm:2.10.4"
  dependencies:
    "@supabase/node-fetch": "npm:^2.6.14"
  checksum: 10c0/b61544c4c5e5d8e2b5661c255a48d7d6f206a64fe98a1f073da671ea405025c589ba7fcbaf1800b8609348e4a1c8b867f71bfffc243245821b4afd03d256c88e
  languageName: node
  linkType: hard

"@supabase/supabase-js@npm:^2.53.0":
  version: 2.53.0
  resolution: "@supabase/supabase-js@npm:2.53.0"
  dependencies:
    "@supabase/auth-js": "npm:2.71.1"
    "@supabase/functions-js": "npm:2.4.5"
    "@supabase/node-fetch": "npm:2.6.15"
    "@supabase/postgrest-js": "npm:1.19.4"
    "@supabase/realtime-js": "npm:2.11.15"
    "@supabase/storage-js": "npm:^2.10.4"
  checksum: 10c0/af413a763ae5a1bb2bdeb966a8e9a058d7e5d5a54b567f6c3735b2110c465f0da7b231cbff4b6b4fc9535ee16fda698d12ae26e94f8b6866cbbdda991acca7c8
  languageName: node
  linkType: hard

"@types/cors@npm:^2.8.12":
  version: 2.8.19
  resolution: "@types/cors@npm:2.8.19"
  dependencies:
    "@types/node": "npm:*"
  checksum: 10c0/b5dd407040db7d8aa1bd36e79e5f3f32292f6b075abc287529e9f48df1a25fda3e3799ba30b4656667ffb931d3b75690c1d6ca71e39f7337ea6dfda8581916d0
  languageName: node
  linkType: hard

"@types/node@npm:*, @types/node@npm:>=10.0.0":
  version: 24.2.0
  resolution: "@types/node@npm:24.2.0"
  dependencies:
    undici-types: "npm:~7.10.0"
  checksum: 10c0/0b55af4d7b37fea47bbeffffaff908462fa19ea9b1a18f92d9ed6d8415d97971b254f8cb3f629cd238916e94711fdb6ac939aa750cb353dfd6df6c0339435740
  languageName: node
  linkType: hard

"@types/phoenix@npm:^1.6.6":
  version: 1.6.6
  resolution: "@types/phoenix@npm:1.6.6"
  checksum: 10c0/4dfcb3fd36341ed5500de030291af14163c599857e00d2d4ff065d4c4600317d5d20aa170913fb9609747a09436e3add44db7d0c709bdf80f36cddcc67a42021
  languageName: node
  linkType: hard

"@types/ws@npm:^8.18.1":
  version: 8.18.1
  resolution: "@types/ws@npm:8.18.1"
  dependencies:
    "@types/node": "npm:*"
  checksum: 10c0/61aff1129143fcc4312f083bc9e9e168aa3026b7dd6e70796276dcfb2c8211c4292603f9c4864fae702f2ed86e4abd4d38aa421831c2fd7f856c931a481afbab
  languageName: node
  linkType: hard

"abstract-logging@npm:^2.0.1":
  version: 2.0.1
  resolution: "abstract-logging@npm:2.0.1"
  checksum: 10c0/304879d9babcf6772260e5ddde632e6428e1f42f7a7a116d4689e97ad813a20e0ec2dd1e0a122f3617557f40091b9ca85735de4b48c17a2041268cb47b3f8ef1
  languageName: node
  linkType: hard

"accepts@npm:~1.3.4":
  version: 1.3.8
  resolution: "accepts@npm:1.3.8"
  dependencies:
    mime-types: "npm:~2.1.34"
    negotiator: "npm:0.6.3"
  checksum: 10c0/3a35c5f5586cfb9a21163ca47a5f77ac34fa8ceb5d17d2fa2c0d81f41cbd7f8c6fa52c77e2c039acc0f4d09e71abdc51144246900f6bef5e3c4b333f77d89362
  languageName: node
  linkType: hard

"ajv-formats@npm:^3.0.1":
  version: 3.0.1
  resolution: "ajv-formats@npm:3.0.1"
  dependencies:
    ajv: "npm:^8.0.0"
  peerDependencies:
    ajv: ^8.0.0
  peerDependenciesMeta:
    ajv:
      optional: true
  checksum: 10c0/168d6bca1ea9f163b41c8147bae537e67bd963357a5488a1eaf3abe8baa8eec806d4e45f15b10767e6020679315c7e1e5e6803088dfb84efa2b4e9353b83dd0a
  languageName: node
  linkType: hard

"ajv@npm:^8.0.0, ajv@npm:^8.12.0":
  version: 8.17.1
  resolution: "ajv@npm:8.17.1"
  dependencies:
    fast-deep-equal: "npm:^3.1.3"
    fast-uri: "npm:^3.0.1"
    json-schema-traverse: "npm:^1.0.0"
    require-from-string: "npm:^2.0.2"
  checksum: 10c0/ec3ba10a573c6b60f94639ffc53526275917a2df6810e4ab5a6b959d87459f9ef3f00d5e7865b82677cb7d21590355b34da14d1d0b9c32d75f95a187e76fff35
  languageName: node
  linkType: hard

"ansi-styles@npm:^4.1.0":
  version: 4.3.0
  resolution: "ansi-styles@npm:4.3.0"
  dependencies:
    color-convert: "npm:^2.0.1"
  checksum: 10c0/895a23929da416f2bd3de7e9cb4eabd340949328ab85ddd6e484a637d8f6820d485f53933446f5291c3b760cbc488beb8e88573dd0f9c7daf83dccc8fe81b041
  languageName: node
  linkType: hard

"api.syura.my@workspace:.":
  version: 0.0.0-use.local
  resolution: "api.syura.my@workspace:."
  dependencies:
    "@fastify/autoload": "npm:^6.0.0"
    "@fastify/sensible": "npm:^6.0.0"
    "@supabase/supabase-js": "npm:^2.53.0"
    fastify: "npm:^5.0.0"
    fastify-cli: "npm:^7.4.0"
    fastify-plugin: "npm:^5.0.0"
    fastify-socket.io: "npm:^5.1.0"
    socket.io: "npm:^4.8.1"
  languageName: unknown
  linkType: soft

"atomic-sleep@npm:^1.0.0":
  version: 1.0.0
  resolution: "atomic-sleep@npm:1.0.0"
  checksum: 10c0/e329a6665512736a9bbb073e1761b4ec102f7926cce35037753146a9db9c8104f5044c1662e4a863576ce544fb8be27cd2be6bc8c1a40147d03f31eb1cfb6e8a
  languageName: node
  linkType: hard

"avvio@npm:^9.0.0":
  version: 9.1.0
  resolution: "avvio@npm:9.1.0"
  dependencies:
    "@fastify/error": "npm:^4.0.0"
    fastq: "npm:^1.17.1"
  checksum: 10c0/bdc294a7e8f38e1e21f9d338d97d7240025db54f1005fc419cfe0499a35edf2276ab1fe91135739faa3a9437358ec6912d5a56f23361b061880333cb4f1c7884
  languageName: node
  linkType: hard

"base64id@npm:2.0.0, base64id@npm:~2.0.0":
  version: 2.0.0
  resolution: "base64id@npm:2.0.0"
  checksum: 10c0/6919efd237ed44b9988cbfc33eca6f173a10e810ce50292b271a1a421aac7748ef232a64d1e6032b08f19aae48dce6ee8f66c5ae2c9e5066c82b884861d4d453
  languageName: node
  linkType: hard

"chalk@npm:^4.1.2":
  version: 4.1.2
  resolution: "chalk@npm:4.1.2"
  dependencies:
    ansi-styles: "npm:^4.1.0"
    supports-color: "npm:^7.1.0"
  checksum: 10c0/4a3fef5cc34975c898ffe77141450f679721df9dde00f6c304353fa9c8b571929123b26a0e4617bde5018977eb655b31970c297b91b63ee83bb82aeb04666880
  languageName: node
  linkType: hard

"chokidar@npm:^4.0.0":
  version: 4.0.3
  resolution: "chokidar@npm:4.0.3"
  dependencies:
    readdirp: "npm:^4.0.1"
  checksum: 10c0/a58b9df05bb452f7d105d9e7229ac82fa873741c0c40ddcc7bb82f8a909fbe3f7814c9ebe9bc9a2bef9b737c0ec6e2d699d179048ef06ad3ec46315df0ebe6ad
  languageName: node
  linkType: hard

"close-with-grace@npm:^2.1.0":
  version: 2.2.0
  resolution: "close-with-grace@npm:2.2.0"
  checksum: 10c0/ef02600f5d11a9f3ce01aba2641faccde9b42242d465ac9c408ab2e06a83a0f7a1276a9988942d8ad99c199e09c3b9aebd1baafb2dbcef2e98a7b39a703665e5
  languageName: node
  linkType: hard

"color-convert@npm:^2.0.1":
  version: 2.0.1
  resolution: "color-convert@npm:2.0.1"
  dependencies:
    color-name: "npm:~1.1.4"
  checksum: 10c0/37e1150172f2e311fe1b2df62c6293a342ee7380da7b9cfdba67ea539909afbd74da27033208d01d6d5cfc65ee7868a22e18d7e7648e004425441c0f8a15a7d7
  languageName: node
  linkType: hard

"color-name@npm:~1.1.4":
  version: 1.1.4
  resolution: "color-name@npm:1.1.4"
  checksum: 10c0/a1a3f914156960902f46f7f56bc62effc6c94e84b2cae157a526b1c1f74b677a47ec602bf68a61abfa2b42d15b7c5651c6dbe72a43af720bc588dff885b10f95
  languageName: node
  linkType: hard

"colorette@npm:^2.0.7":
  version: 2.0.20
  resolution: "colorette@npm:2.0.20"
  checksum: 10c0/e94116ff33b0ff56f3b83b9ace895e5bf87c2a7a47b3401b8c3f3226e050d5ef76cf4072fb3325f9dc24d1698f9b730baf4e05eeaf861d74a1883073f4c98a40
  languageName: node
  linkType: hard

"commist@npm:^3.0.0":
  version: 3.2.0
  resolution: "commist@npm:3.2.0"
  checksum: 10c0/ab2d14921d30f649889adbec5dbf1712d45681bbc3f863ee5078e02465b2e8510d47a5643e137ffa0698b8199b5ce787d8be131982bcae4f294c8225d1046def
  languageName: node
  linkType: hard

"cookie@npm:^1.0.1":
  version: 1.0.2
  resolution: "cookie@npm:1.0.2"
  checksum: 10c0/fd25fe79e8fbcfcaf6aa61cd081c55d144eeeba755206c058682257cb38c4bd6795c6620de3f064c740695bb65b7949ebb1db7a95e4636efb8357a335ad3f54b
  languageName: node
  linkType: hard

"cookie@npm:~0.7.2":
  version: 0.7.2
  resolution: "cookie@npm:0.7.2"
  checksum: 10c0/9596e8ccdbf1a3a88ae02cf5ee80c1c50959423e1022e4e60b91dd87c622af1da309253d8abdb258fb5e3eacb4f08e579dc58b4897b8087574eee0fd35dfa5d2
  languageName: node
  linkType: hard

"cors@npm:~2.8.5":
  version: 2.8.5
  resolution: "cors@npm:2.8.5"
  dependencies:
    object-assign: "npm:^4"
    vary: "npm:^1"
  checksum: 10c0/373702b7999409922da80de4a61938aabba6929aea5b6fd9096fefb9e8342f626c0ebd7507b0e8b0b311380744cc985f27edebc0a26e0ddb784b54e1085de761
  languageName: node
  linkType: hard

"dateformat@npm:^4.6.3":
  version: 4.6.3
  resolution: "dateformat@npm:4.6.3"
  checksum: 10c0/e2023b905e8cfe2eb8444fb558562b524807a51cdfe712570f360f873271600b5c94aebffaf11efb285e2c072264a7cf243eadb68f3eba0f8cc85fb86cd25df6
  languageName: node
  linkType: hard

"debug@npm:~4.3.1, debug@npm:~4.3.2, debug@npm:~4.3.4":
  version: 4.3.7
  resolution: "debug@npm:4.3.7"
  dependencies:
    ms: "npm:^2.1.3"
  peerDependenciesMeta:
    supports-color:
      optional: true
  checksum: 10c0/1471db19c3b06d485a622d62f65947a19a23fbd0dd73f7fd3eafb697eec5360cde447fb075919987899b1a2096e85d35d4eb5a4de09a57600ac9cf7e6c8e768b
  languageName: node
  linkType: hard

"depd@npm:2.0.0":
  version: 2.0.0
  resolution: "depd@npm:2.0.0"
  checksum: 10c0/58bd06ec20e19529b06f7ad07ddab60e504d9e0faca4bd23079fac2d279c3594334d736508dc350e06e510aba5e22e4594483b3a6562ce7c17dd797f4cc4ad2c
  languageName: node
  linkType: hard

"dequal@npm:^2.0.3":
  version: 2.0.3
  resolution: "dequal@npm:2.0.3"
  checksum: 10c0/f98860cdf58b64991ae10205137c0e97d384c3a4edc7f807603887b7c4b850af1224a33d88012009f150861cbee4fa2d322c4cc04b9313bee312e47f6ecaa888
  languageName: node
  linkType: hard

"dotenv@npm:^16.0.0":
  version: 16.6.1
  resolution: "dotenv@npm:16.6.1"
  checksum: 10c0/15ce56608326ea0d1d9414a5c8ee6dcf0fffc79d2c16422b4ac2268e7e2d76ff5a572d37ffe747c377de12005f14b3cc22361e79fc7f1061cce81f77d2c973dc
  languageName: node
  linkType: hard

"end-of-stream@npm:^1.1.0":
  version: 1.4.5
  resolution: "end-of-stream@npm:1.4.5"
  dependencies:
    once: "npm:^1.4.0"
  checksum: 10c0/b0701c92a10b89afb1cb45bf54a5292c6f008d744eb4382fa559d54775ff31617d1d7bc3ef617575f552e24fad2c7c1a1835948c66b3f3a4be0a6c1f35c883d8
  languageName: node
  linkType: hard

"engine.io-parser@npm:~5.2.1":
  version: 5.2.3
  resolution: "engine.io-parser@npm:5.2.3"
  checksum: 10c0/ed4900d8dbef470ab3839ccf3bfa79ee518ea8277c7f1f2759e8c22a48f64e687ea5e474291394d0c94f84054749fd93f3ef0acb51fa2f5f234cc9d9d8e7c536
  languageName: node
  linkType: hard

"engine.io@npm:~6.6.0":
  version: 6.6.4
  resolution: "engine.io@npm:6.6.4"
  dependencies:
    "@types/cors": "npm:^2.8.12"
    "@types/node": "npm:>=10.0.0"
    accepts: "npm:~1.3.4"
    base64id: "npm:2.0.0"
    cookie: "npm:~0.7.2"
    cors: "npm:~2.8.5"
    debug: "npm:~4.3.1"
    engine.io-parser: "npm:~5.2.1"
    ws: "npm:~8.17.1"
  checksum: 10c0/845761163f8ea7962c049df653b75dafb6b3693ad6f59809d4474751d7b0392cbf3dc2730b8a902ff93677a91fd28711d34ab29efd348a8a4b49c6b0724021ab
  languageName: node
  linkType: hard

"fast-copy@npm:^3.0.2":
  version: 3.0.2
  resolution: "fast-copy@npm:3.0.2"
  checksum: 10c0/02e8b9fd03c8c024d2987760ce126456a0e17470850b51e11a1c3254eed6832e4733ded2d93316c82bc0b36aeb991ad1ff48d1ba95effe7add7c3ab8d8eb554a
  languageName: node
  linkType: hard

"fast-decode-uri-component@npm:^1.0.1":
  version: 1.0.1
  resolution: "fast-decode-uri-component@npm:1.0.1"
  checksum: 10c0/039d50c2e99d64f999c3f2126c23fbf75a04a4117e218a149ca0b1d2aeb8c834b7b19d643b9d35d4eabce357189a6a94085f78cf48869e6e26cc59b036284bc3
  languageName: node
  linkType: hard

"fast-deep-equal@npm:^3.1.3":
  version: 3.1.3
  resolution: "fast-deep-equal@npm:3.1.3"
  checksum: 10c0/40dedc862eb8992c54579c66d914635afbec43350afbbe991235fdcb4e3a8d5af1b23ae7e79bef7d4882d0ecee06c3197488026998fb19f72dc95acff1d1b1d0
  languageName: node
  linkType: hard

"fast-json-stringify@npm:^6.0.0":
  version: 6.0.1
  resolution: "fast-json-stringify@npm:6.0.1"
  dependencies:
    "@fastify/merge-json-schemas": "npm:^0.2.0"
    ajv: "npm:^8.12.0"
    ajv-formats: "npm:^3.0.1"
    fast-uri: "npm:^3.0.0"
    json-schema-ref-resolver: "npm:^2.0.0"
    rfdc: "npm:^1.2.0"
  checksum: 10c0/898aecd164707bced980fef61b0480dd80a47f87674d7643a75a60e5eca346018ba2552de200260030215d89f218d9cd7f342df14eec88ed44d45c81e4aa0eb4
  languageName: node
  linkType: hard

"fast-querystring@npm:^1.0.0":
  version: 1.1.2
  resolution: "fast-querystring@npm:1.1.2"
  dependencies:
    fast-decode-uri-component: "npm:^1.0.1"
  checksum: 10c0/e8223273a9b199722f760f5a047a77ad049a14bd444b821502cb8218f5925e3a5fffb56b64389bca73ab2ac6f1aa7aebbe4e203e5f6e53ff5978de97c0fde4e3
  languageName: node
  linkType: hard

"fast-redact@npm:^3.1.1":
  version: 3.5.0
  resolution: "fast-redact@npm:3.5.0"
  checksum: 10c0/7e2ce4aad6e7535e0775bf12bd3e4f2e53d8051d8b630e0fa9e67f68cb0b0e6070d2f7a94b1d0522ef07e32f7c7cda5755e2b677a6538f1e9070ca053c42343a
  languageName: node
  linkType: hard

"fast-safe-stringify@npm:^2.1.1":
  version: 2.1.1
  resolution: "fast-safe-stringify@npm:2.1.1"
  checksum: 10c0/d90ec1c963394919828872f21edaa3ad6f1dddd288d2bd4e977027afff09f5db40f94e39536d4646f7e01761d704d72d51dce5af1b93717f3489ef808f5f4e4d
  languageName: node
  linkType: hard

"fast-uri@npm:^3.0.0, fast-uri@npm:^3.0.1":
  version: 3.0.6
  resolution: "fast-uri@npm:3.0.6"
  checksum: 10c0/74a513c2af0584448aee71ce56005185f81239eab7a2343110e5bad50c39ad4fb19c5a6f99783ead1cac7ccaf3461a6034fda89fffa2b30b6d99b9f21c2f9d29
  languageName: node
  linkType: hard

"fastify-cli@npm:^7.4.0":
  version: 7.4.0
  resolution: "fastify-cli@npm:7.4.0"
  dependencies:
    "@fastify/deepmerge": "npm:^2.0.0"
    chalk: "npm:^4.1.2"
    chokidar: "npm:^4.0.0"
    close-with-grace: "npm:^2.1.0"
    commist: "npm:^3.0.0"
    dotenv: "npm:^16.0.0"
    fastify: "npm:^5.0.0"
    fastify-plugin: "npm:^5.0.0"
    generify: "npm:^4.0.0"
    help-me: "npm:^5.0.0"
    is-docker: "npm:^2.0.0"
    pino-pretty: "npm:^13.0.0"
    pkg-up: "npm:^3.1.0"
    resolve-from: "npm:^5.0.0"
    semver: "npm:^7.3.5"
    yargs-parser: "npm:^21.1.1"
  bin:
    fastify: cli.js
  checksum: 10c0/39d516f9c4e5ee57779630c24b1c96e39724a4b601775cb2a9c389f0e4248f791f4f9f3e9d4ed3c4598fbd7a1599abea1e105931f654b4adcec9a490918c62d1
  languageName: node
  linkType: hard

"fastify-plugin@npm:^4.5.1":
  version: 4.5.1
  resolution: "fastify-plugin@npm:4.5.1"
  checksum: 10c0/f58f79cd9d3c88fd7f79a3270276c6339fc57bbe72ef14d20b73779193c404e317ac18e8eae2c5071b3909ebee45d7eb6871da4e65464ac64ed0d9746b4e9b9f
  languageName: node
  linkType: hard

"fastify-plugin@npm:^5.0.0":
  version: 5.0.1
  resolution: "fastify-plugin@npm:5.0.1"
  checksum: 10c0/c5e5932e7b8c5713ff881adeade3e8ee8fc288e8249d79cd193a2a2438eef1ad58ae5814f12835acbf04025dbddf2628787cd845f3e550dee847f494a08f7c5b
  languageName: node
  linkType: hard

"fastify-socket.io@npm:^5.1.0":
  version: 5.1.0
  resolution: "fastify-socket.io@npm:5.1.0"
  dependencies:
    fastify-plugin: "npm:^4.5.1"
    tslib: "npm:^2.6.1"
  peerDependencies:
    fastify: 4.x.x
    socket.io: ">=4"
  checksum: 10c0/62e26f976f2181dc8a01ee0ea449112170739861881e34a0003a7bb295a0677147a50f3c60e5f9807af322a1e4b1e89a05586560250e8d2d907cbc6d9e956581
  languageName: node
  linkType: hard

"fastify@npm:^5.0.0":
  version: 5.4.0
  resolution: "fastify@npm:5.4.0"
  dependencies:
    "@fastify/ajv-compiler": "npm:^4.0.0"
    "@fastify/error": "npm:^4.0.0"
    "@fastify/fast-json-stringify-compiler": "npm:^5.0.0"
    "@fastify/proxy-addr": "npm:^5.0.0"
    abstract-logging: "npm:^2.0.1"
    avvio: "npm:^9.0.0"
    fast-json-stringify: "npm:^6.0.0"
    find-my-way: "npm:^9.0.0"
    light-my-request: "npm:^6.0.0"
    pino: "npm:^9.0.0"
    process-warning: "npm:^5.0.0"
    rfdc: "npm:^1.3.1"
    secure-json-parse: "npm:^4.0.0"
    semver: "npm:^7.6.0"
    toad-cache: "npm:^3.7.0"
  checksum: 10c0/2508cbf354fb410a6b85408897296882cd34ca8049dc880e733fd5759ed446d3b9ef0036e0cfe8260c887ae3bbcdda4f02a5d88ed0e991703c5e0beee7ad86a3
  languageName: node
  linkType: hard

"fastq@npm:^1.17.1":
  version: 1.19.1
  resolution: "fastq@npm:1.19.1"
  dependencies:
    reusify: "npm:^1.0.4"
  checksum: 10c0/ebc6e50ac7048daaeb8e64522a1ea7a26e92b3cee5cd1c7f2316cdca81ba543aa40a136b53891446ea5c3a67ec215fbaca87ad405f102dd97012f62916905630
  languageName: node
  linkType: hard

"find-my-way@npm:^9.0.0":
  version: 9.3.0
  resolution: "find-my-way@npm:9.3.0"
  dependencies:
    fast-deep-equal: "npm:^3.1.3"
    fast-querystring: "npm:^1.0.0"
    safe-regex2: "npm:^5.0.0"
  checksum: 10c0/f221bc0c70b2c2a6f9282fd3e0ac1911fcbb68ac718da043ddcefdec3b9d884a54d6ef1bf92e1b2ff83400e50f3c22141206a8ea3308bf0e9e37fd177843425d
  languageName: node
  linkType: hard

"find-up@npm:^3.0.0":
  version: 3.0.0
  resolution: "find-up@npm:3.0.0"
  dependencies:
    locate-path: "npm:^3.0.0"
  checksum: 10c0/2c2e7d0a26db858e2f624f39038c74739e38306dee42b45f404f770db357947be9d0d587f1cac72d20c114deb38aa57316e879eb0a78b17b46da7dab0a3bd6e3
  languageName: node
  linkType: hard

"forwarded@npm:^0.2.0":
  version: 0.2.0
  resolution: "forwarded@npm:0.2.0"
  checksum: 10c0/9b67c3fac86acdbc9ae47ba1ddd5f2f81526fa4c8226863ede5600a3f7c7416ef451f6f1e240a3cc32d0fd79fcfe6beb08fd0da454f360032bde70bf80afbb33
  languageName: node
  linkType: hard

"generify@npm:^4.0.0":
  version: 4.2.0
  resolution: "generify@npm:4.2.0"
  dependencies:
    isbinaryfile: "npm:^4.0.2"
    pump: "npm:^3.0.0"
    split2: "npm:^3.0.0"
    walker: "npm:^1.0.6"
  bin:
    generify: generify.js
  checksum: 10c0/4bfc8a46901548e1e8871c3bafdd83d55711b465c995988c43d03d63ef4622b8ba7ecbb3a6c931ca275d3514dc8021884ed549bc8c9007d9a9d9ef2bde54e591
  languageName: node
  linkType: hard

"has-flag@npm:^4.0.0":
  version: 4.0.0
  resolution: "has-flag@npm:4.0.0"
  checksum: 10c0/2e789c61b7888d66993e14e8331449e525ef42aac53c627cc53d1c3334e768bcb6abdc4f5f0de1478a25beec6f0bd62c7549058b7ac53e924040d4f301f02fd1
  languageName: node
  linkType: hard

"help-me@npm:^5.0.0":
  version: 5.0.0
  resolution: "help-me@npm:5.0.0"
  checksum: 10c0/054c0e2e9ae2231c85ab5e04f75109b9d068ffcc54e58fb22079822a5ace8ff3d02c66fd45379c902ad5ab825e5d2e1451fcc2f7eab1eb49e7d488133ba4cacb
  languageName: node
  linkType: hard

"http-errors@npm:^2.0.0":
  version: 2.0.0
  resolution: "http-errors@npm:2.0.0"
  dependencies:
    depd: "npm:2.0.0"
    inherits: "npm:2.0.4"
    setprototypeof: "npm:1.2.0"
    statuses: "npm:2.0.1"
    toidentifier: "npm:1.0.1"
  checksum: 10c0/fc6f2715fe188d091274b5ffc8b3657bd85c63e969daa68ccb77afb05b071a4b62841acb7a21e417b5539014dff2ebf9550f0b14a9ff126f2734a7c1387f8e19
  languageName: node
  linkType: hard

"inherits@npm:2.0.4, inherits@npm:^2.0.3":
  version: 2.0.4
  resolution: "inherits@npm:2.0.4"
  checksum: 10c0/4e531f648b29039fb7426fb94075e6545faa1eb9fe83c29f0b6d9e7263aceb4289d2d4557db0d428188eeb449cc7c5e77b0a0b2c4e248ff2a65933a0dee49ef2
  languageName: node
  linkType: hard

"ipaddr.js@npm:^2.1.0":
  version: 2.2.0
  resolution: "ipaddr.js@npm:2.2.0"
  checksum: 10c0/e4ee875dc1bd92ac9d27e06cfd87cdb63ca786ff9fd7718f1d4f7a8ef27db6e5d516128f52d2c560408cbb75796ac2f83ead669e73507c86282d45f84c5abbb6
  languageName: node
  linkType: hard

"is-docker@npm:^2.0.0":
  version: 2.2.1
  resolution: "is-docker@npm:2.2.1"
  bin:
    is-docker: cli.js
  checksum: 10c0/e828365958d155f90c409cdbe958f64051d99e8aedc2c8c4cd7c89dcf35329daed42f7b99346f7828df013e27deb8f721cf9408ba878c76eb9e8290235fbcdcc
  languageName: node
  linkType: hard

"isbinaryfile@npm:^4.0.2":
  version: 4.0.10
  resolution: "isbinaryfile@npm:4.0.10"
  checksum: 10c0/0703d8cfeb69ed79e6d173120f327450011a066755150a6bbf97ffecec1069a5f2092777868315b21359098c84b54984871cad1abce877ad9141fb2caf3dcabf
  languageName: node
  linkType: hard

"isows@npm:^1.0.7":
  version: 1.0.7
  resolution: "isows@npm:1.0.7"
  peerDependencies:
    ws: "*"
  checksum: 10c0/43c41fe89c7c07258d0be3825f87e12da8ac9023c5b5ae6741ec00b2b8169675c04331ea73ef8c172d37a6747066f4dc93947b17cd369f92828a3b3e741afbda
  languageName: node
  linkType: hard

"joycon@npm:^3.1.1":
  version: 3.1.1
  resolution: "joycon@npm:3.1.1"
  checksum: 10c0/131fb1e98c9065d067fd49b6e685487ac4ad4d254191d7aa2c9e3b90f4e9ca70430c43cad001602bdbdabcf58717d3b5c5b7461c1bd8e39478c8de706b3fe6ae
  languageName: node
  linkType: hard

"json-schema-ref-resolver@npm:^2.0.0":
  version: 2.0.1
  resolution: "json-schema-ref-resolver@npm:2.0.1"
  dependencies:
    dequal: "npm:^2.0.3"
  checksum: 10c0/3ea894d79dd176b4ef31f1a3b7b335447b854780f2bc49af2918de0502d3eabad1889232a7a72c37f1c7ca429acc2eaad940ca5fd25f8ead044d5fecb00e0378
  languageName: node
  linkType: hard

"json-schema-traverse@npm:^1.0.0":
  version: 1.0.0
  resolution: "json-schema-traverse@npm:1.0.0"
  checksum: 10c0/71e30015d7f3d6dc1c316d6298047c8ef98a06d31ad064919976583eb61e1018a60a0067338f0f79cabc00d84af3fcc489bd48ce8a46ea165d9541ba17fb30c6
  languageName: node
  linkType: hard

"light-my-request@npm:^6.0.0":
  version: 6.6.0
  resolution: "light-my-request@npm:6.6.0"
  dependencies:
    cookie: "npm:^1.0.1"
    process-warning: "npm:^4.0.0"
    set-cookie-parser: "npm:^2.6.0"
  checksum: 10c0/1440853cd3822ab83fbb1be4456099082dec8e9e3a4ea35c9d8d7d17a7ab98c83ad0a4c39a73a8c2b31b9ca70c57506e5b7a929495c149463ca0daca0d90dc6f
  languageName: node
  linkType: hard

"locate-path@npm:^3.0.0":
  version: 3.0.0
  resolution: "locate-path@npm:3.0.0"
  dependencies:
    p-locate: "npm:^3.0.0"
    path-exists: "npm:^3.0.0"
  checksum: 10c0/3db394b7829a7fe2f4fbdd25d3c4689b85f003c318c5da4052c7e56eed697da8f1bce5294f685c69ff76e32cba7a33629d94396976f6d05fb7f4c755c5e2ae8b
  languageName: node
  linkType: hard

"makeerror@npm:1.0.12":
  version: 1.0.12
  resolution: "makeerror@npm:1.0.12"
  dependencies:
    tmpl: "npm:1.0.5"
  checksum: 10c0/b0e6e599780ce6bab49cc413eba822f7d1f0dfebd1c103eaa3785c59e43e22c59018323cf9e1708f0ef5329e94a745d163fcbb6bff8e4c6742f9be9e86f3500c
  languageName: node
  linkType: hard

"media-typer@npm:0.3.0":
  version: 0.3.0
  resolution: "media-typer@npm:0.3.0"
  checksum: 10c0/d160f31246907e79fed398470285f21bafb45a62869dc469b1c8877f3f064f5eabc4bcc122f9479b8b605bc5c76187d7871cf84c4ee3ecd3e487da1993279928
  languageName: node
  linkType: hard

"mime-db@npm:1.52.0":
  version: 1.52.0
  resolution: "mime-db@npm:1.52.0"
  checksum: 10c0/0557a01deebf45ac5f5777fe7740b2a5c309c6d62d40ceab4e23da9f821899ce7a900b7ac8157d4548ddbb7beffe9abc621250e6d182b0397ec7f10c7b91a5aa
  languageName: node
  linkType: hard

"mime-types@npm:~2.1.24, mime-types@npm:~2.1.34":
  version: 2.1.35
  resolution: "mime-types@npm:2.1.35"
  dependencies:
    mime-db: "npm:1.52.0"
  checksum: 10c0/82fb07ec56d8ff1fc999a84f2f217aa46cb6ed1033fefaabd5785b9a974ed225c90dc72fff460259e66b95b73648596dbcc50d51ed69cdf464af2d237d3149b2
  languageName: node
  linkType: hard

"minimist@npm:^1.2.6":
  version: 1.2.8
  resolution: "minimist@npm:1.2.8"
  checksum: 10c0/19d3fcdca050087b84c2029841a093691a91259a47def2f18222f41e7645a0b7c44ef4b40e88a1e58a40c84d2ef0ee6047c55594d298146d0eb3f6b737c20ce6
  languageName: node
  linkType: hard

"ms@npm:^2.1.3":
  version: 2.1.3
  resolution: "ms@npm:2.1.3"
  checksum: 10c0/d924b57e7312b3b63ad21fc5b3dc0af5e78d61a1fc7cfb5457edaf26326bf62be5307cc87ffb6862ef1c2b33b0233cdb5d4f01c4c958cc0d660948b65a287a48
  languageName: node
  linkType: hard

"negotiator@npm:0.6.3":
  version: 0.6.3
  resolution: "negotiator@npm:0.6.3"
  checksum: 10c0/3ec9fd413e7bf071c937ae60d572bc67155262068ed522cf4b3be5edbe6ddf67d095ec03a3a14ebf8fc8e95f8e1d61be4869db0dbb0de696f6b837358bd43fc2
  languageName: node
  linkType: hard

"object-assign@npm:^4":
  version: 4.1.1
  resolution: "object-assign@npm:4.1.1"
  checksum: 10c0/1f4df9945120325d041ccf7b86f31e8bcc14e73d29171e37a7903050e96b81323784ec59f93f102ec635bcf6fa8034ba3ea0a8c7e69fa202b87ae3b6cec5a414
  languageName: node
  linkType: hard

"on-exit-leak-free@npm:^2.1.0":
  version: 2.1.2
  resolution: "on-exit-leak-free@npm:2.1.2"
  checksum: 10c0/faea2e1c9d696ecee919026c32be8d6a633a7ac1240b3b87e944a380e8a11dc9c95c4a1f8fb0568de7ab8db3823e790f12bda45296b1d111e341aad3922a0570
  languageName: node
  linkType: hard

"once@npm:^1.3.1, once@npm:^1.4.0":
  version: 1.4.0
  resolution: "once@npm:1.4.0"
  dependencies:
    wrappy: "npm:1"
  checksum: 10c0/5d48aca287dfefabd756621c5dfce5c91a549a93e9fdb7b8246bc4c4790aa2ec17b34a260530474635147aeb631a2dcc8b32c613df0675f96041cbb8244517d0
  languageName: node
  linkType: hard

"p-limit@npm:^2.0.0":
  version: 2.3.0
  resolution: "p-limit@npm:2.3.0"
  dependencies:
    p-try: "npm:^2.0.0"
  checksum: 10c0/8da01ac53efe6a627080fafc127c873da40c18d87b3f5d5492d465bb85ec7207e153948df6b9cbaeb130be70152f874229b8242ee2be84c0794082510af97f12
  languageName: node
  linkType: hard

"p-locate@npm:^3.0.0":
  version: 3.0.0
  resolution: "p-locate@npm:3.0.0"
  dependencies:
    p-limit: "npm:^2.0.0"
  checksum: 10c0/7b7f06f718f19e989ce6280ed4396fb3c34dabdee0df948376483032f9d5ec22fdf7077ec942143a75827bb85b11da72016497fc10dac1106c837ed593969ee8
  languageName: node
  linkType: hard

"p-try@npm:^2.0.0":
  version: 2.2.0
  resolution: "p-try@npm:2.2.0"
  checksum: 10c0/c36c19907734c904b16994e6535b02c36c2224d433e01a2f1ab777237f4d86e6289fd5fd464850491e940379d4606ed850c03e0f9ab600b0ebddb511312e177f
  languageName: node
  linkType: hard

"path-exists@npm:^3.0.0":
  version: 3.0.0
  resolution: "path-exists@npm:3.0.0"
  checksum: 10c0/17d6a5664bc0a11d48e2b2127d28a0e58822c6740bde30403f08013da599182289c56518bec89407e3f31d3c2b6b296a4220bc3f867f0911fee6952208b04167
  languageName: node
  linkType: hard

"pino-abstract-transport@npm:^2.0.0":
  version: 2.0.0
  resolution: "pino-abstract-transport@npm:2.0.0"
  dependencies:
    split2: "npm:^4.0.0"
  checksum: 10c0/02c05b8f2ffce0d7c774c8e588f61e8b77de8ccb5f8125afd4a7325c9ea0e6af7fb78168999657712ae843e4462bb70ac550dfd6284f930ee57f17f486f25a9f
  languageName: node
  linkType: hard

"pino-pretty@npm:^13.0.0":
  version: 13.1.1
  resolution: "pino-pretty@npm:13.1.1"
  dependencies:
    colorette: "npm:^2.0.7"
    dateformat: "npm:^4.6.3"
    fast-copy: "npm:^3.0.2"
    fast-safe-stringify: "npm:^2.1.1"
    help-me: "npm:^5.0.0"
    joycon: "npm:^3.1.1"
    minimist: "npm:^1.2.6"
    on-exit-leak-free: "npm:^2.1.0"
    pino-abstract-transport: "npm:^2.0.0"
    pump: "npm:^3.0.0"
    secure-json-parse: "npm:^4.0.0"
    sonic-boom: "npm:^4.0.1"
    strip-json-comments: "npm:^5.0.2"
  bin:
    pino-pretty: bin.js
  checksum: 10c0/845c07afd3d73cb96ad2049cfa7fca12b8280a51e30d6db8b490857690637556bb8e7f05b2fa640b3e4a7edd9b1369110042d670fda743ef98fe3be29876c8c7
  languageName: node
  linkType: hard

"pino-std-serializers@npm:^7.0.0":
  version: 7.0.0
  resolution: "pino-std-serializers@npm:7.0.0"
  checksum: 10c0/73e694d542e8de94445a03a98396cf383306de41fd75ecc07085d57ed7a57896198508a0dec6eefad8d701044af21eb27253ccc352586a03cf0d4a0bd25b4133
  languageName: node
  linkType: hard

"pino@npm:^9.0.0":
  version: 9.7.0
  resolution: "pino@npm:9.7.0"
  dependencies:
    atomic-sleep: "npm:^1.0.0"
    fast-redact: "npm:^3.1.1"
    on-exit-leak-free: "npm:^2.1.0"
    pino-abstract-transport: "npm:^2.0.0"
    pino-std-serializers: "npm:^7.0.0"
    process-warning: "npm:^5.0.0"
    quick-format-unescaped: "npm:^4.0.3"
    real-require: "npm:^0.2.0"
    safe-stable-stringify: "npm:^2.3.1"
    sonic-boom: "npm:^4.0.1"
    thread-stream: "npm:^3.0.0"
  bin:
    pino: bin.js
  checksum: 10c0/c7f8a83a9a9d728b4eff6d0f4b9367f031c91bcaa5806fbf0eedcc8e77faba593d59baf11a8fba0dd1c778bb17ca7ed01418ac1df4ec129faeedd4f3ecaff66f
  languageName: node
  linkType: hard

"pkg-up@npm:^3.1.0":
  version: 3.1.0
  resolution: "pkg-up@npm:3.1.0"
  dependencies:
    find-up: "npm:^3.0.0"
  checksum: 10c0/ecb60e1f8e1f611c0bdf1a0b6a474d6dfb51185567dc6f29cdef37c8d480ecba5362e006606bb290519bbb6f49526c403fabea93c3090c20368d98bb90c999ab
  languageName: node
  linkType: hard

"process-warning@npm:^4.0.0":
  version: 4.0.1
  resolution: "process-warning@npm:4.0.1"
  checksum: 10c0/577a268b9fd5c3d9f6dbb4348220099391d830905642845d591e7ee8b1e45043d98b7b9826a3c1379bdd1686cdfe0f6cf349cb812affc5853b662e6a9896579e
  languageName: node
  linkType: hard

"process-warning@npm:^5.0.0":
  version: 5.0.0
  resolution: "process-warning@npm:5.0.0"
  checksum: 10c0/941f48863d368ec161e0b5890ba0c6af94170078f3d6b5e915c19b36fb59edb0dc2f8e834d25e0d375a8bf368a49d490f080508842168832b93489d17843ec29
  languageName: node
  linkType: hard

"pump@npm:^3.0.0":
  version: 3.0.3
  resolution: "pump@npm:3.0.3"
  dependencies:
    end-of-stream: "npm:^1.1.0"
    once: "npm:^1.3.1"
  checksum: 10c0/ada5cdf1d813065bbc99aa2c393b8f6beee73b5de2890a8754c9f488d7323ffd2ca5f5a0943b48934e3fcbd97637d0337369c3c631aeb9614915db629f1c75c9
  languageName: node
  linkType: hard

"quick-format-unescaped@npm:^4.0.3":
  version: 4.0.4
  resolution: "quick-format-unescaped@npm:4.0.4"
  checksum: 10c0/fe5acc6f775b172ca5b4373df26f7e4fd347975578199e7d74b2ae4077f0af05baa27d231de1e80e8f72d88275ccc6028568a7a8c9ee5e7368ace0e18eff93a4
  languageName: node
  linkType: hard

"readable-stream@npm:^3.0.0":
  version: 3.6.2
  resolution: "readable-stream@npm:3.6.2"
  dependencies:
    inherits: "npm:^2.0.3"
    string_decoder: "npm:^1.1.1"
    util-deprecate: "npm:^1.0.1"
  checksum: 10c0/e37be5c79c376fdd088a45fa31ea2e423e5d48854be7a22a58869b4e84d25047b193f6acb54f1012331e1bcd667ffb569c01b99d36b0bd59658fb33f513511b7
  languageName: node
  linkType: hard

"readdirp@npm:^4.0.1":
  version: 4.1.2
  resolution: "readdirp@npm:4.1.2"
  checksum: 10c0/60a14f7619dec48c9c850255cd523e2717001b0e179dc7037cfa0895da7b9e9ab07532d324bfb118d73a710887d1e35f79c495fa91582784493e085d18c72c62
  languageName: node
  linkType: hard

"real-require@npm:^0.2.0":
  version: 0.2.0
  resolution: "real-require@npm:0.2.0"
  checksum: 10c0/23eea5623642f0477412ef8b91acd3969015a1501ed34992ada0e3af521d3c865bb2fe4cdbfec5fe4b505f6d1ef6a03e5c3652520837a8c3b53decff7e74b6a0
  languageName: node
  linkType: hard

"require-from-string@npm:^2.0.2":
  version: 2.0.2
  resolution: "require-from-string@npm:2.0.2"
  checksum: 10c0/aaa267e0c5b022fc5fd4eef49d8285086b15f2a1c54b28240fdf03599cbd9c26049fee3eab894f2e1f6ca65e513b030a7c264201e3f005601e80c49fb2937ce2
  languageName: node
  linkType: hard

"resolve-from@npm:^5.0.0":
  version: 5.0.0
  resolution: "resolve-from@npm:5.0.0"
  checksum: 10c0/b21cb7f1fb746de8107b9febab60095187781137fd803e6a59a76d421444b1531b641bba5857f5dc011974d8a5c635d61cec49e6bd3b7fc20e01f0fafc4efbf2
  languageName: node
  linkType: hard

"ret@npm:~0.5.0":
  version: 0.5.0
  resolution: "ret@npm:0.5.0"
  checksum: 10c0/220868b194f87bf1998e32e409086eec6b39e860c052bf267f8ad4d0131706a9773d45fd3f91acfb1a7c928fce002b694ab86fdba90bc8d4b8df68fa8645c5cc
  languageName: node
  linkType: hard

"reusify@npm:^1.0.4":
  version: 1.1.0
  resolution: "reusify@npm:1.1.0"
  checksum: 10c0/4eff0d4a5f9383566c7d7ec437b671cc51b25963bd61bf127c3f3d3f68e44a026d99b8d2f1ad344afff8d278a8fe70a8ea092650a716d22287e8bef7126bb2fa
  languageName: node
  linkType: hard

"rfdc@npm:^1.2.0, rfdc@npm:^1.3.1":
  version: 1.4.1
  resolution: "rfdc@npm:1.4.1"
  checksum: 10c0/4614e4292356cafade0b6031527eea9bc90f2372a22c012313be1dcc69a3b90c7338158b414539be863fa95bfcb2ddcd0587be696841af4e6679d85e62c060c7
  languageName: node
  linkType: hard

"safe-buffer@npm:~5.2.0":
  version: 5.2.1
  resolution: "safe-buffer@npm:5.2.1"
  checksum: 10c0/6501914237c0a86e9675d4e51d89ca3c21ffd6a31642efeba25ad65720bce6921c9e7e974e5be91a786b25aa058b5303285d3c15dbabf983a919f5f630d349f3
  languageName: node
  linkType: hard

"safe-regex2@npm:^5.0.0":
  version: 5.0.0
  resolution: "safe-regex2@npm:5.0.0"
  dependencies:
    ret: "npm:~0.5.0"
  checksum: 10c0/83d5b1b60a5a97cb71a6e615518ec4a47761b3600aba389089be59a417498185250db2368080afc2f5e91237d68809c6c634b97a2e1cc8bd56a4c7eef2eeb6cf
  languageName: node
  linkType: hard

"safe-stable-stringify@npm:^2.3.1":
  version: 2.5.0
  resolution: "safe-stable-stringify@npm:2.5.0"
  checksum: 10c0/baea14971858cadd65df23894a40588ed791769db21bafb7fd7608397dbdce9c5aac60748abae9995e0fc37e15f2061980501e012cd48859740796bea2987f49
  languageName: node
  linkType: hard

"secure-json-parse@npm:^4.0.0":
  version: 4.0.0
  resolution: "secure-json-parse@npm:4.0.0"
  checksum: 10c0/1a298cf00e1de91e833cee5eb406d6e77fb2f7eca9bef3902047d49e7f5d3e6c21b5de61ff73466c831e716430bfe87d732a6e645a7dabb5f1e8a8e4d3e15eb4
  languageName: node
  linkType: hard

"semver@npm:^7.3.5, semver@npm:^7.6.0":
  version: 7.7.2
  resolution: "semver@npm:7.7.2"
  bin:
    semver: bin/semver.js
  checksum: 10c0/aca305edfbf2383c22571cb7714f48cadc7ac95371b4b52362fb8eeffdfbc0de0669368b82b2b15978f8848f01d7114da65697e56cd8c37b0dab8c58e543f9ea
  languageName: node
  linkType: hard

"set-cookie-parser@npm:^2.6.0":
  version: 2.7.1
  resolution: "set-cookie-parser@npm:2.7.1"
  checksum: 10c0/060c198c4c92547ac15988256f445eae523f57f2ceefeccf52d30d75dedf6bff22b9c26f756bd44e8e560d44ff4ab2130b178bd2e52ef5571bf7be3bd7632d9a
  languageName: node
  linkType: hard

"setprototypeof@npm:1.2.0":
  version: 1.2.0
  resolution: "setprototypeof@npm:1.2.0"
  checksum: 10c0/68733173026766fa0d9ecaeb07f0483f4c2dc70ca376b3b7c40b7cda909f94b0918f6c5ad5ce27a9160bdfb475efaa9d5e705a11d8eaae18f9835d20976028bc
  languageName: node
  linkType: hard

"socket.io-adapter@npm:~2.5.2":
  version: 2.5.5
  resolution: "socket.io-adapter@npm:2.5.5"
  dependencies:
    debug: "npm:~4.3.4"
    ws: "npm:~8.17.1"
  checksum: 10c0/04a5a2a9c4399d1b6597c2afc4492ab1e73430cc124ab02b09e948eabf341180b3866e2b61b5084cb899beb68a4db7c328c29bda5efb9207671b5cb0bc6de44e
  languageName: node
  linkType: hard

"socket.io-parser@npm:~4.2.4":
  version: 4.2.4
  resolution: "socket.io-parser@npm:4.2.4"
  dependencies:
    "@socket.io/component-emitter": "npm:~3.1.0"
    debug: "npm:~4.3.1"
  checksum: 10c0/9383b30358fde4a801ea4ec5e6860915c0389a091321f1c1f41506618b5cf7cd685d0a31c587467a0c4ee99ef98c2b99fb87911f9dfb329716c43b587f29ca48
  languageName: node
  linkType: hard

"socket.io@npm:^4.8.1":
  version: 4.8.1
  resolution: "socket.io@npm:4.8.1"
  dependencies:
    accepts: "npm:~1.3.4"
    base64id: "npm:~2.0.0"
    cors: "npm:~2.8.5"
    debug: "npm:~4.3.2"
    engine.io: "npm:~6.6.0"
    socket.io-adapter: "npm:~2.5.2"
    socket.io-parser: "npm:~4.2.4"
  checksum: 10c0/acf931a2bb235be96433b71da3d8addc63eeeaa8acabd33dc8d64e12287390a45f1e9f389a73cf7dc336961cd491679741b7a016048325c596835abbcc017ca9
  languageName: node
  linkType: hard

"sonic-boom@npm:^4.0.1":
  version: 4.2.0
  resolution: "sonic-boom@npm:4.2.0"
  dependencies:
    atomic-sleep: "npm:^1.0.0"
  checksum: 10c0/ae897e6c2cd6d3cb7cdcf608bc182393b19c61c9413a85ce33ffd25891485589f39bece0db1de24381d0a38fc03d08c9862ded0c60f184f1b852f51f97af9684
  languageName: node
  linkType: hard

"split2@npm:^3.0.0":
  version: 3.2.2
  resolution: "split2@npm:3.2.2"
  dependencies:
    readable-stream: "npm:^3.0.0"
  checksum: 10c0/2dad5603c52b353939befa3e2f108f6e3aff42b204ad0f5f16dd12fd7c2beab48d117184ce6f7c8854f9ee5ffec6faae70d243711dd7d143a9f635b4a285de4e
  languageName: node
  linkType: hard

"split2@npm:^4.0.0":
  version: 4.2.0
  resolution: "split2@npm:4.2.0"
  checksum: 10c0/b292beb8ce9215f8c642bb68be6249c5a4c7f332fc8ecadae7be5cbdf1ea95addc95f0459ef2e7ad9d45fd1064698a097e4eb211c83e772b49bc0ee423e91534
  languageName: node
  linkType: hard

"statuses@npm:2.0.1":
  version: 2.0.1
  resolution: "statuses@npm:2.0.1"
  checksum: 10c0/34378b207a1620a24804ce8b5d230fea0c279f00b18a7209646d5d47e419d1cc23e7cbf33a25a1e51ac38973dc2ac2e1e9c647a8e481ef365f77668d72becfd0
  languageName: node
  linkType: hard

"string_decoder@npm:^1.1.1":
  version: 1.3.0
  resolution: "string_decoder@npm:1.3.0"
  dependencies:
    safe-buffer: "npm:~5.2.0"
  checksum: 10c0/810614ddb030e271cd591935dcd5956b2410dd079d64ff92a1844d6b7588bf992b3e1b69b0f4d34a3e06e0bd73046ac646b5264c1987b20d0601f81ef35d731d
  languageName: node
  linkType: hard

"strip-json-comments@npm:^5.0.2":
  version: 5.0.2
  resolution: "strip-json-comments@npm:5.0.2"
  checksum: 10c0/e9841b8face78a01b0eb66f81e0a3419186a96f1d26817a5e1f5260b0631c10e0a7f711dddc5988edf599e5c079e4dd6e91defd21523e556636ba5679786f5ac
  languageName: node
  linkType: hard

"supports-color@npm:^7.1.0":
  version: 7.2.0
  resolution: "supports-color@npm:7.2.0"
  dependencies:
    has-flag: "npm:^4.0.0"
  checksum: 10c0/afb4c88521b8b136b5f5f95160c98dee7243dc79d5432db7efc27efb219385bbc7d9427398e43dd6cc730a0f87d5085ce1652af7efbe391327bc0a7d0f7fc124
  languageName: node
  linkType: hard

"thread-stream@npm:^3.0.0":
  version: 3.1.0
  resolution: "thread-stream@npm:3.1.0"
  dependencies:
    real-require: "npm:^0.2.0"
  checksum: 10c0/c36118379940b77a6ef3e6f4d5dd31e97b8210c3f7b9a54eb8fe6358ab173f6d0acfaf69b9c3db024b948c0c5fd2a7df93e2e49151af02076b35ada3205ec9a6
  languageName: node
  linkType: hard

"tmpl@npm:1.0.5":
  version: 1.0.5
  resolution: "tmpl@npm:1.0.5"
  checksum: 10c0/f935537799c2d1922cb5d6d3805f594388f75338fe7a4a9dac41504dd539704ca4db45b883b52e7b0aa5b2fd5ddadb1452bf95cd23a69da2f793a843f9451cc9
  languageName: node
  linkType: hard

"toad-cache@npm:^3.7.0":
  version: 3.7.0
  resolution: "toad-cache@npm:3.7.0"
  checksum: 10c0/7dae2782ee20b22c9798bb8b71dec7ec6a0091021d2ea9dd6e8afccab6b65b358fdba49a02209fac574499702e2c000660721516c87c2538d1b2c0ba03e8c0c3
  languageName: node
  linkType: hard

"toidentifier@npm:1.0.1":
  version: 1.0.1
  resolution: "toidentifier@npm:1.0.1"
  checksum: 10c0/93937279934bd66cc3270016dd8d0afec14fb7c94a05c72dc57321f8bd1fa97e5bea6d1f7c89e728d077ca31ea125b78320a616a6c6cd0e6b9cb94cb864381c1
  languageName: node
  linkType: hard

"tr46@npm:~0.0.3":
  version: 0.0.3
  resolution: "tr46@npm:0.0.3"
  checksum: 10c0/047cb209a6b60c742f05c9d3ace8fa510bff609995c129a37ace03476a9b12db4dbf975e74600830ef0796e18882b2381fb5fb1f6b4f96b832c374de3ab91a11
  languageName: node
  linkType: hard

"tslib@npm:^2.6.1":
  version: 2.8.1
  resolution: "tslib@npm:2.8.1"
  checksum: 10c0/9c4759110a19c53f992d9aae23aac5ced636e99887b51b9e61def52611732872ff7668757d4e4c61f19691e36f4da981cd9485e869b4a7408d689f6bf1f14e62
  languageName: node
  linkType: hard

"type-is@npm:^1.6.18":
  version: 1.6.18
  resolution: "type-is@npm:1.6.18"
  dependencies:
    media-typer: "npm:0.3.0"
    mime-types: "npm:~2.1.24"
  checksum: 10c0/a23daeb538591b7efbd61ecf06b6feb2501b683ffdc9a19c74ef5baba362b4347e42f1b4ed81f5882a8c96a3bfff7f93ce3ffaf0cbbc879b532b04c97a55db9d
  languageName: node
  linkType: hard

"undici-types@npm:~7.10.0":
  version: 7.10.0
  resolution: "undici-types@npm:7.10.0"
  checksum: 10c0/8b00ce50e235fe3cc601307f148b5e8fb427092ee3b23e8118ec0a5d7f68eca8cee468c8fc9f15cbb2cf2a3797945ebceb1cbd9732306a1d00e0a9b6afa0f635
  languageName: node
  linkType: hard

"util-deprecate@npm:^1.0.1":
  version: 1.0.2
  resolution: "util-deprecate@npm:1.0.2"
  checksum: 10c0/41a5bdd214df2f6c3ecf8622745e4a366c4adced864bc3c833739791aeeeb1838119af7daed4ba36428114b5c67dcda034a79c882e97e43c03e66a4dd7389942
  languageName: node
  linkType: hard

"vary@npm:^1, vary@npm:^1.1.2":
  version: 1.1.2
  resolution: "vary@npm:1.1.2"
  checksum: 10c0/f15d588d79f3675135ba783c91a4083dcd290a2a5be9fcb6514220a1634e23df116847b1cc51f66bfb0644cf9353b2abb7815ae499bab06e46dd33c1a6bf1f4f
  languageName: node
  linkType: hard

"walker@npm:^1.0.6":
  version: 1.0.8
  resolution: "walker@npm:1.0.8"
  dependencies:
    makeerror: "npm:1.0.12"
  checksum: 10c0/a17e037bccd3ca8a25a80cb850903facdfed0de4864bd8728f1782370715d679fa72e0a0f5da7c1c1379365159901e5935f35be531229da53bbfc0efdabdb48e
  languageName: node
  linkType: hard

"webidl-conversions@npm:^3.0.0":
  version: 3.0.1
  resolution: "webidl-conversions@npm:3.0.1"
  checksum: 10c0/5612d5f3e54760a797052eb4927f0ddc01383550f542ccd33d5238cfd65aeed392a45ad38364970d0a0f4fea32e1f4d231b3d8dac4a3bdd385e5cf802ae097db
  languageName: node
  linkType: hard

"whatwg-url@npm:^5.0.0":
  version: 5.0.0
  resolution: "whatwg-url@npm:5.0.0"
  dependencies:
    tr46: "npm:~0.0.3"
    webidl-conversions: "npm:^3.0.0"
  checksum: 10c0/1588bed84d10b72d5eec1d0faa0722ba1962f1821e7539c535558fb5398d223b0c50d8acab950b8c488b4ba69043fd833cc2697056b167d8ad46fac3995a55d5
  languageName: node
  linkType: hard

"wrappy@npm:1":
  version: 1.0.2
  resolution: "wrappy@npm:1.0.2"
  checksum: 10c0/56fece1a4018c6a6c8e28fbc88c87e0fbf4ea8fd64fc6c63b18f4acc4bd13e0ad2515189786dd2c30d3eec9663d70f4ecf699330002f8ccb547e4a18231fc9f0
  languageName: node
  linkType: hard

"ws@npm:^8.18.2":
  version: 8.18.3
  resolution: "ws@npm:8.18.3"
  peerDependencies:
    bufferutil: ^4.0.1
    utf-8-validate: ">=5.0.2"
  peerDependenciesMeta:
    bufferutil:
      optional: true
    utf-8-validate:
      optional: true
  checksum: 10c0/eac918213de265ef7cb3d4ca348b891a51a520d839aa51cdb8ca93d4fa7ff9f6ccb339ccee89e4075324097f0a55157c89fa3f7147bde9d8d7e90335dc087b53
  languageName: node
  linkType: hard

"ws@npm:~8.17.1":
  version: 8.17.1
  resolution: "ws@npm:8.17.1"
  peerDependencies:
    bufferutil: ^4.0.1
    utf-8-validate: ">=5.0.2"
  peerDependenciesMeta:
    bufferutil:
      optional: true
    utf-8-validate:
      optional: true
  checksum: 10c0/f4a49064afae4500be772abdc2211c8518f39e1c959640457dcee15d4488628620625c783902a52af2dd02f68558da2868fd06e6fd0e67ebcd09e6881b1b5bfe
  languageName: node
  linkType: hard

"yargs-parser@npm:^21.1.1":
  version: 21.1.1
  resolution: "yargs-parser@npm:21.1.1"
  checksum: 10c0/f84b5e48169479d2f402239c59f084cfd1c3acc197a05c59b98bab067452e6b3ea46d4dd8ba2985ba7b3d32a343d77df0debd6b343e5dae3da2aab2cdf5886b2
  languageName: node
  linkType: hard
